{
  "name": "blackbox-cli-provence",
  "version": "1.0.0",
  "lockfileVersion": 3,
  "requires": true,
  "packages": {
    "": {
      "name": "blackbox-cli-provence",
      "version": "1.0.0",
      "license": "MIT",
      "bin": {
        "blackbox": "index.js"
      },
      "engines": {
        "node": ">=24"
      }
    }
  }
}
